
Microsoft Visual Studio Solution File, Format Version 12.00
# Visual Studio Version 16
VisualStudioVersion = 16.0.31019.35
MinimumVisualStudioVersion = 10.0.40219.1
Project("{FAE04EC0-301F-11D3-BF4B-00C04F79EFBC}") = "SalesWebMvc", "SalesWebMvc\SalesWebMvc.csproj", "{890D8F19-9BA0-455C-83B7-93FD2E9BEA1C}"
EndProject
Global
	GlobalSection(SolutionConfigurationPlatforms) = preSolution
		Debug|Any CPU = Debug|Any CPU
		Release|Any CPU = Release|Any CPU
	EndGlobalSection
	GlobalSection(ProjectConfigurationPlatforms) = postSolution
		{890D8F19-9BA0-455C-83B7-93FD2E9BEA1C}.Debug|Any CPU.ActiveCfg = Debug|Any CPU
		{890D8F19-9BA0-455C-83B7-93FD2E9BEA1C}.Debug|Any CPU.Build.0 = Debug|Any CPU
		{890D8F19-9BA0-455C-83B7-93FD2E9BEA1C}.Release|Any CPU.ActiveCfg = Release|Any CPU
		{890D8F19-9BA0-455C-83B7-93FD2E9BEA1C}.Release|Any CPU.Build.0 = Release|Any CPU
	EndGlobalSection
	GlobalSection(SolutionProperties) = preSolution
		HideSolutionNode = FALSE
	EndGlobalSection
	GlobalSection(ExtensibilityGlobals) = postSolution
		SolutionGuid = {C996CA08-F8F1-4F28-A099-B1714A93A2BA}
	EndGlobalSection
EndGlobal
